
Microsoft Visual Studio Solution File, Format Version 12.00
# Visual Studio Version 16
VisualStudioVersion = 16.0.30717.126
MinimumVisualStudioVersion = 10.0.40219.1
Project("{9A19103F-16F7-4668-BE54-9A1E7A4F7556}") = "BlazorMovies.Server", "BlazorMovies\Server\BlazorMovies.Server.csproj", "{E42BFDB3-419C-45C3-8F91-BE4DBB5C1C1C}"
EndProject
Project("{9A19103F-16F7-4668-BE54-9A1E7A4F7556}") = "BlazorMovies.Client", "BlazorMovies\Client\BlazorMovies.Client.csproj", "{024A4424-E779-4DF2-A21A-8D3E7A2744AF}"
EndProject
Project("{9A19103F-16F7-4668-BE54-9A1E7A4F7556}") = "BlazorMovies.Shared", "BlazorMovies\Shared\BlazorMovies.Shared.csproj", "{ABB5EACE-89F6-4DE8-AED3-1E113F9CC02D}"
EndProject
Global
	GlobalSection(SolutionConfigurationPlatforms) = preSolution
		Debug|Any CPU = Debug|Any CPU
		Release|Any CPU = Release|Any CPU
	EndGlobalSection
	GlobalSection(ProjectConfigurationPlatforms) = postSolution
		{E42BFDB3-419C-45C3-8F91-BE4DBB5C1C1C}.Debug|Any CPU.ActiveCfg = Debug|Any CPU
		{E42BFDB3-419C-45C3-8F91-BE4DBB5C1C1C}.Debug|Any CPU.Build.0 = Debug|Any CPU
		{E42BFDB3-419C-45C3-8F91-BE4DBB5C1C1C}.Release|Any CPU.ActiveCfg = Release|Any CPU
		{E42BFDB3-419C-45C3-8F91-BE4DBB5C1C1C}.Release|Any CPU.Build.0 = Release|Any CPU
		{024A4424-E779-4DF2-A21A-8D3E7A2744AF}.Debug|Any CPU.ActiveCfg = Debug|Any CPU
		{024A4424-E779-4DF2-A21A-8D3E7A2744AF}.Debug|Any CPU.Build.0 = Debug|Any CPU
		{024A4424-E779-4DF2-A21A-8D3E7A2744AF}.Release|Any CPU.ActiveCfg = Release|Any CPU
		{024A4424-E779-4DF2-A21A-8D3E7A2744AF}.Release|Any CPU.Build.0 = Release|Any CPU
		{ABB5EACE-89F6-4DE8-AED3-1E113F9CC02D}.Debug|Any CPU.ActiveCfg = Debug|Any CPU
		{ABB5EACE-89F6-4DE8-AED3-1E113F9CC02D}.Debug|Any CPU.Build.0 = Debug|Any CPU
		{ABB5EACE-89F6-4DE8-AED3-1E113F9CC02D}.Release|Any CPU.ActiveCfg = Release|Any CPU
		{ABB5EACE-89F6-4DE8-AED3-1E113F9CC02D}.Release|Any CPU.Build.0 = Release|Any CPU
	EndGlobalSection
	GlobalSection(SolutionProperties) = preSolution
		HideSolutionNode = FALSE
	EndGlobalSection
	GlobalSection(ExtensibilityGlobals) = postSolution
		SolutionGuid = {1BAD6088-7CD8-4275-9F3D-3442B307DD37}
	EndGlobalSection
EndGlobal
